
Microsoft Visual Studio Solution File, Format Version 12.00
# Visual Studio Version 16
VisualStudioVersion = 25.0.1704.2
MinimumVisualStudioVersion = 10.0.40219.1
Project("{FAE04EC0-301F-11D3-BF4B-00C04F79EFBC}") = "testt", "testt\testt.csproj", "{CEB21F89-423D-4F7B-B3E0-66C8066E2A7F}"
EndProject
Global
	GlobalSection(SolutionConfigurationPlatforms) = preSolution
		Debug|Any CPU = Debug|Any CPU
		Release|Any CPU = Release|Any CPU
	EndGlobalSection
	GlobalSection(ProjectConfigurationPlatforms) = postSolution
		{CEB21F89-423D-4F7B-B3E0-66C8066E2A7F}.Debug|Any CPU.ActiveCfg = Debug|Any CPU
		{CEB21F89-423D-4F7B-B3E0-66C8066E2A7F}.Debug|Any CPU.Build.0 = Debug|Any CPU
		{CEB21F89-423D-4F7B-B3E0-66C8066E2A7F}.Release|Any CPU.ActiveCfg = Release|Any CPU
		{CEB21F89-423D-4F7B-B3E0-66C8066E2A7F}.Release|Any CPU.Build.0 = Release|Any CPU
	EndGlobalSection
	GlobalSection(SolutionProperties) = preSolution
		HideSolutionNode = FALSE
	EndGlobalSection
	GlobalSection(ExtensibilityGlobals) = postSolution
		SolutionGuid = {63624154-E39C-4C4F-AA81-1C09156C8486}
	EndGlobalSection
EndGlobal
